
Microsoft Visual Studio Solution File, Format Version 10.00
# Visual Studio 2008
Project("{FAE04EC0-301F-11D3-BF4B-00C04F79EFBC}") = "Mono.Cecil", "Cecil\Mono.Cecil.csproj", "{D68133BD-1E63-496E-9EDE-4FBDBF77B486}"
EndProject
Project("{FAE04EC0-301F-11D3-BF4B-00C04F79EFBC}") = "ILRepack", "ILRepack\ILRepack.csproj", "{4A253A60-D998-4CA2-B9D5-46567A2FBF80}"
EndProject
Global
	GlobalSection(SolutionConfigurationPlatforms) = preSolution
		Debug|Any CPU = Debug|Any CPU
		Debug|x86 = Debug|x86
		Release|Any CPU = Release|Any CPU
		Release|x86 = Release|x86
	EndGlobalSection
	GlobalSection(ProjectConfigurationPlatforms) = postSolution
		{D68133BD-1E63-496E-9EDE-4FBDBF77B486}.Debug|Any CPU.ActiveCfg = Debug|Any CPU
		{D68133BD-1E63-496E-9EDE-4FBDBF77B486}.Debug|Any CPU.Build.0 = Debug|Any CPU
		{D68133BD-1E63-496E-9EDE-4FBDBF77B486}.Debug|x86.ActiveCfg = Debug|Any CPU
		{D68133BD-1E63-496E-9EDE-4FBDBF77B486}.Release|Any CPU.ActiveCfg = Release|Any CPU
		{D68133BD-1E63-496E-9EDE-4FBDBF77B486}.Release|Any CPU.Build.0 = Release|Any CPU
		{D68133BD-1E63-496E-9EDE-4FBDBF77B486}.Release|x86.ActiveCfg = Release|Any CPU
		{4A253A60-D998-4CA2-B9D5-46567A2FBF80}.Debug|Any CPU.ActiveCfg = Debug|Any CPU
		{4A253A60-D998-4CA2-B9D5-46567A2FBF80}.Debug|Any CPU.Build.0 = Debug|Any CPU
		{4A253A60-D998-4CA2-B9D5-46567A2FBF80}.Debug|x86.ActiveCfg = Debug|Any CPU
		{4A253A60-D998-4CA2-B9D5-46567A2FBF80}.Release|Any CPU.ActiveCfg = Release|Any CPU
		{4A253A60-D998-4CA2-B9D5-46567A2FBF80}.Release|Any CPU.Build.0 = Release|Any CPU
		{4A253A60-D998-4CA2-B9D5-46567A2FBF80}.Release|x86.ActiveCfg = Release|Any CPU
	EndGlobalSection
	GlobalSection(SolutionProperties) = preSolution
		HideSolutionNode = FALSE
	EndGlobalSection
EndGlobal
